// !$*UTF8*$!
{
	archiveVersion = 1;
	classes = {
	};
	objectVersion = 56;
	objects = {

/* Begin PBXBuildFile section */
		C995EA3B2C6671FA00AB5C91 /* StaplerApp.swift in Sources */ = {isa = PBXBuildFile; fileRef = C995EA3A2C6671FA00AB5C91 /* StaplerApp.swift */; };
		C995EA412C6671FB00AB5C91 /* Assets.xcassets in Resources */ = {isa = PBXBuildFile; fileRef = C995EA402C6671FB00AB5C91 /* Assets.xcassets */; };
		C995EA442C6671FC00AB5C91 /* Preview Assets.xcassets in Resources */ = {isa = PBXBuildFile; fileRef = C995EA432C6671FC00AB5C91 /* Preview Assets.xcassets */; };
/* End PBXBuildFile section */

/* Begin PBXFileReference section */
		C9434CC42C67E4F60054A3F0 /* Icon Artwork.png */ = {isa = PBXFileReference; lastKnownFileType = image.png; path = "Icon Artwork.png"; sourceTree = "<group>"; };
		C995EA372C6671FA00AB5C91 /* Stapler.app */ = {isa = PBXFileReference; explicitFileType = wrapper.application; includeInIndex = 0; path = Stapler.app; sourceTree = BUILT_PRODUCTS_DIR; };
		C995EA3A2C6671FA00AB5C91 /* StaplerApp.swift */ = {isa = PBXFileReference; lastKnownFileType = sourcecode.swift; path = StaplerApp.swift; sourceTree = "<group>"; };
		C995EA402C6671FB00AB5C91 /* Assets.xcassets */ = {isa = PBXFileReference; lastKnownFileType = folder.assetcatalog; path = Assets.xcassets; sourceTree = "<group>"; };
		C995EA432C6671FC00AB5C91 /* Preview Assets.xcassets */ = {isa = PBXFileReference; lastKnownFileType = folder.assetcatalog; path = "Preview Assets.xcassets"; sourceTree = "<group>"; };
		C995EA452C6671FC00AB5C91 /* Info.plist */ = {isa = PBXFileReference; lastKnownFileType = text.plist.xml; path = Info.plist; sourceTree = "<group>"; };
		C995EA462C6671FC00AB5C91 /* Stapler.entitlements */ = {isa = PBXFileReference; lastKnownFileType = text.plist.entitlements; path = Stapler.entitlements; sourceTree = "<group>"; };
/* End PBXFileReference section */

/* Begin PBXFrameworksBuildPhase section */
		C995EA342C6671FA00AB5C91 /* Frameworks */ = {
			isa = PBXFrameworksBuildPhase;
			buildActionMask = 2147483647;
			files = (
			);
			runOnlyForDeploymentPostprocessing = 0;
		};
/* End PBXFrameworksBuildPhase section */

/* Begin PBXGroup section */
		C995EA2E2C6671FA00AB5C91 = {
			isa = PBXGroup;
			children = (
				C995EA392C6671FA00AB5C91 /* Stapler */,
				C995EA382C6671FA00AB5C91 /* Products */,
			);
			sourceTree = "<group>";
		};
		C995EA382C6671FA00AB5C91 /* Products */ = {
			isa = PBXGroup;
			children = (
				C995EA372C6671FA00AB5C91 /* Stapler.app */,
			);
			name = Products;
			sourceTree = "<group>";
		};
		C995EA392C6671FA00AB5C91 /* Stapler */ = {
			isa = PBXGroup;
			children = (
				C995EA3A2C6671FA00AB5C91 /* StaplerApp.swift */,
				C995EA402C6671FB00AB5C91 /* Assets.xcassets */,
				C995EA452C6671FC00AB5C91 /* Info.plist */,
				C995EA462C6671FC00AB5C91 /* Stapler.entitlements */,
				C9434CC42C67E4F60054A3F0 /* Icon Artwork.png */,
				C995EA422C6671FC00AB5C91 /* Preview Content */,
			);
			path = Stapler;
			sourceTree = "<group>";
		};
		C995EA422C6671FC00AB5C91 /* Preview Content */ = {
			isa = PBXGroup;
			children = (
				C995EA432C6671FC00AB5C91 /* Preview Assets.xcassets */,
			);
			path = "Preview Content";
			sourceTree = "<group>";
		};
/* End PBXGroup section */

/* Begin PBXNativeTarget section */
		C995EA362C6671FA00AB5C91 /* Stapler */ = {
			isa = PBXNativeTarget;
			buildConfigurationList = C995EA492C6671FC00AB5C91 /* Build configuration list for PBXNativeTarget "Stapler" */;
			buildPhases = (
				C995EA332C6671FA00AB5C91 /* Sources */,
				C995EA342C6671FA00AB5C91 /* Frameworks */,
				C995EA352C6671FA00AB5C91 /* Resources */,
			);
			buildRules = (
			);
			dependencies = (
			);
			name = Stapler;
			productName = Stapler;
			productReference = C995EA372C6671FA00AB5C91 /* Stapler.app */;
			productType = "com.apple.product-type.application";
		};
/* End PBXNativeTarget section */

/* Begin PBXProject section */
		C995EA2F2C6671FA00AB5C91 /* Project object */ = {
			isa = PBXProject;
			attributes = {
				BuildIndependentTargetsInParallel = 1;
				LastSwiftUpdateCheck = 1540;
				LastUpgradeCheck = 1540;
				TargetAttributes = {
					C995EA362C6671FA00AB5C91 = {
						CreatedOnToolsVersion = 15.4;
					};
				};
			};
			buildConfigurationList = C995EA322C6671FA00AB5C91 /* Build configuration list for PBXProject "Stapler" */;
			compatibilityVersion = "Xcode 14.0";
			developmentRegion = en;
			hasScannedForEncodings = 0;
			knownRegions = (
				en,
				Base,
			);
			mainGroup = C995EA2E2C6671FA00AB5C91;
			productRefGroup = C995EA382C6671FA00AB5C91 /* Products */;
			projectDirPath = "";
			projectRoot = "";
			targets = (
				C995EA362C6671FA00AB5C91 /* Stapler */,
			);
		};
/* End PBXProject section */

/* Begin PBXResourcesBuildPhase section */
		C995EA352C6671FA00AB5C91 /* Resources */ = {
			isa = PBXResourcesBuildPhase;
			buildActionMask = 2147483647;
			files = (
				C995EA442C6671FC00AB5C91 /* Preview Assets.xcassets in Resources */,
				C995EA412C6671FB00AB5C91 /* Assets.xcassets in Resources */,
			);
			runOnlyForDeploymentPostprocessing = 0;
		};
/* End PBXResourcesBuildPhase section */

/* Begin PBXSourcesBuildPhase section */
		C995EA332C6671FA00AB5C91 /* Sources */ = {
			isa = PBXSourcesBuildPhase;
			buildActionMask = 2147483647;
			files = (
				C995EA3B2C6671FA00AB5C91 /* StaplerApp.swift in Sources */,
			);
			runOnlyForDeploymentPostprocessing = 0;
		};
/* End PBXSourcesBuildPhase section */

/* Begin XCBuildConfiguration section */
		C995EA472C6671FC00AB5C91 /* Debug */ = {
			isa = XCBuildConfiguration;
			buildSettings = {
				ALWAYS_SEARCH_USER_PATHS = NO;
				ASSETCATALOG_COMPILER_GENERATE_SWIFT_ASSET_SYMBOL_EXTENSIONS = YES;
				CLANG_ANALYZER_NONNULL = YES;
				CLANG_ANALYZER_NUMBER_OBJECT_CONVERSION = YES_AGGRESSIVE;
				CLANG_CXX_LANGUAGE_STANDARD = "gnu++20";
				CLANG_ENABLE_MODULES = YES;
				CLANG_ENABLE_OBJC_ARC = YES;
				CLANG_ENABLE_OBJC_WEAK = YES;
				CLANG_WARN_BLOCK_CAPTURE_AUTORELEASING = YES;
				CLANG_WARN_BOOL_CONVERSION = YES;
				CLANG_WARN_COMMA = YES;
				CLANG_WARN_CONSTANT_CONVERSION = YES;
				CLANG_WARN_DEPRECATED_OBJC_IMPLEMENTATIONS = YES;
				CLANG_WARN_DIRECT_OBJC_ISA_USAGE = YES_ERROR;
				CLANG_WARN_DOCUMENTATION_COMMENTS = YES;
				CLANG_WARN_EMPTY_BODY = YES;
				CLANG_WARN_ENUM_CONVERSION = YES;
				CLANG_WARN_INFINITE_RECURSION = YES;
				CLANG_WARN_INT_CONVERSION = YES;
				CLANG_WARN_NON_LITERAL_NULL_CONVERSION = YES;
				CLANG_WARN_OBJC_IMPLICIT_RETAIN_SELF = YES;
				CLANG_WARN_OBJC_LITERAL_CONVERSION = YES;
				CLANG_WARN_OBJC_ROOT_CLASS = YES_ERROR;
				CLANG_WARN_QUOTED_INCLUDE_IN_FRAMEWORK_HEADER = YES;
				CLANG_WARN_RANGE_LOOP_ANALYSIS = YES;
				CLANG_WARN_STRICT_PROTOTYPES = YES;
				CLANG_WARN_SUSPICIOUS_MOVE = YES;
				CLANG_WARN_UNGUARDED_AVAILABILITY = YES_AGGRESSIVE;
				CLANG_WARN_UNREACHABLE_CODE = YES;
				CLANG_WARN__DUPLICATE_METHOD_MATCH = YES;
				COPY_PHASE_STRIP = NO;
				DEBUG_INFORMATION_FORMAT = dwarf;
				ENABLE_STRICT_OBJC_MSGSEND = YES;
				ENABLE_TESTABILITY = YES;
				ENABLE_USER_SCRIPT_SANDBOXING = YES;
				GCC_C_LANGUAGE_STANDARD = gnu17;
				GCC_DYNAMIC_NO_PIC = NO;
				GCC_NO_COMMON_BLOCKS = YES;
				GCC_OPTIMIZATION_LEVEL = 0;
				GCC_PREPROCESSOR_DEFINITIONS = (
					"DEBUG=1",
					"$(inherited)",
				);
				GCC_WARN_64_TO_32_BIT_CONVERSION = YES;
				GCC_WARN_ABOUT_RETURN_TYPE = YES_ERROR;
				GCC_WARN_UNDECLARED_SELECTOR = YES;
				GCC_WARN_UNINITIALIZED_AUTOS = YES_AGGRESSIVE;
				GCC_WARN_UNUSED_FUNCTION = YES;
				GCC_WARN_UNUSED_VARIABLE = YES;
				LOCALIZATION_PREFERS_STRING_CATALOGS = YES;
				MACOSX_DEPLOYMENT_TARGET = 14.0;
				MTL_ENABLE_DEBUG_INFO = INCLUDE_SOURCE;
				MTL_FAST_MATH = YES;
				ONLY_ACTIVE_ARCH = YES;
				SDKROOT = macosx;
				SWIFT_ACTIVE_COMPILATION_CONDITIONS = "DEBUG $(inherited)";
				SWIFT_OPTIMIZATION_LEVEL = "-Onone";
			};
			name = Debug;
		};
		C995EA482C6671FC00AB5C91 /* Release */ = {
			isa = XCBuildConfiguration;
			buildSettings = {
				ALWAYS_SEARCH_USER_PATHS = NO;
				ASSETCATALOG_COMPILER_GENERATE_SWIFT_ASSET_SYMBOL_EXTENSIONS = YES;
				CLANG_ANALYZER_NONNULL = YES;
				CLANG_ANALYZER_NUMBER_OBJECT_CONVERSION = YES_AGGRESSIVE;
				CLANG_CXX_LANGUAGE_STANDARD = "gnu++20";
				CLANG_ENABLE_MODULES = YES;
				CLANG_ENABLE_OBJC_ARC = YES;
				CLANG_ENABLE_OBJC_WEAK = YES;
				CLANG_WARN_BLOCK_CAPTURE_AUTORELEASING = YES;
				CLANG_WARN_BOOL_CONVERSION = YES;
				CLANG_WARN_COMMA = YES;
				CLANG_WARN_CONSTANT_CONVERSION = YES;
				CLANG_WARN_DEPRECATED_OBJC_IMPLEMENTATIONS = YES;
				CLANG_WARN_DIRECT_OBJC_ISA_USAGE = YES_ERROR;
				CLANG_WARN_DOCUMENTATION_COMMENTS = YES;
				CLANG_WARN_EMPTY_BODY = YES;
				CLANG_WARN_ENUM_CONVERSION = YES;
				CLANG_WARN_INFINITE_RECURSION = YES;
				CLANG_WARN_INT_CONVERSION = YES;
				CLANG_WARN_NON_LITERAL_NULL_CONVERSION = YES;
				CLANG_WARN_OBJC_IMPLICIT_RETAIN_SELF = YES;
				CLANG_WARN_OBJC_LITERAL_CONVERSION = YES;
				CLANG_WARN_OBJC_ROOT_CLASS = YES_ERROR;
				CLANG_WARN_QUOTED_INCLUDE_IN_FRAMEWORK_HEADER = YES;
				CLANG_WARN_RANGE_LOOP_ANALYSIS = YES;
				CLANG_WARN_STRICT_PROTOTYPES = YES;
				CLANG_WARN_SUSPICIOUS_MOVE = YES;
				CLANG_WARN_UNGUARDED_AVAILABILITY = YES_AGGRESSIVE;
				CLANG_WARN_UNREACHABLE_CODE = YES;
				CLANG_WARN__DUPLICATE_METHOD_MATCH = YES;
				COPY_PHASE_STRIP = NO;
				DEBUG_INFORMATION_FORMAT = "dwarf-with-dsym";
				ENABLE_NS_ASSERTIONS = NO;
				ENABLE_STRICT_OBJC_MSGSEND = YES;
				ENABLE_USER_SCRIPT_SANDBOXING = YES;
				GCC_C_LANGUAGE_STANDARD = gnu17;
				GCC_NO_COMMON_BLOCKS = YES;
				GCC_WARN_64_TO_32_BIT_CONVERSION = YES;
				GCC_WARN_ABOUT_RETURN_TYPE = YES_ERROR;
				GCC_WARN_UNDECLARED_SELECTOR = YES;
				GCC_WARN_UNINITIALIZED_AUTOS = YES_AGGRESSIVE;
				GCC_WARN_UNUSED_FUNCTION = YES;
				GCC_WARN_UNUSED_VARIABLE = YES;
				LOCALIZATION_PREFERS_STRING_CATALOGS = YES;
				MACOSX_DEPLOYMENT_TARGET = 14.0;
				MTL_ENABLE_DEBUG_INFO = NO;
				MTL_FAST_MATH = YES;
				SDKROOT = macosx;
				SWIFT_COMPILATION_MODE = wholemodule;
			};
			name = Release;
		};
		C995EA4A2C6671FC00AB5C91 /* Debug */ = {
			isa = XCBuildConfiguration;
			buildSettings = {
				ASSETCATALOG_COMPILER_APPICON_NAME = AppIcon;
				ASSETCATALOG_COMPILER_GLOBAL_ACCENT_COLOR_NAME = AccentColor;
				CODE_SIGN_ENTITLEMENTS = Stapler/Stapler.entitlements;
				CODE_SIGN_STYLE = Automatic;
				COMBINE_HIDPI_IMAGES = YES;
				CURRENT_PROJECT_VERSION = 240811;
				DEVELOPMENT_ASSET_PATHS = "\"Stapler/Preview Content\"";
				DEVELOPMENT_TEAM = Q3Z639YB49;
				ENABLE_HARDENED_RUNTIME = YES;
				ENABLE_PREVIEWS = YES;
				GENERATE_INFOPLIST_FILE = YES;
				INFOPLIST_FILE = Stapler/Info.plist;
				INFOPLIST_KEY_LSApplicationCategoryType = "public.app-category.productivity";
				INFOPLIST_KEY_NSDesktopFolderUsageDescription = "This app needs access to your Desktop folder to open and manage files.";
				INFOPLIST_KEY_NSDocumentsFolderUsageDescription = "This app needs access to your Documents folder to open and manage files.";
				INFOPLIST_KEY_NSDownloadsFolderUsageDescription = "This app needs access to your Downloads folder to open and manage files.";
				INFOPLIST_KEY_NSHumanReadableCopyright = "Copyright © 2024 Matt Sephton.\nAll rights reserved.";
				LD_RUNPATH_SEARCH_PATHS = (
					"$(inherited)",
					"@executable_path/../Frameworks",
				);
				MARKETING_VERSION = 1.1.0;
				PRODUCT_BUNDLE_IDENTIFIER = com.gingerbeardman.Stapler;
				PRODUCT_NAME = "$(TARGET_NAME)";
				SWIFT_EMIT_LOC_STRINGS = YES;
				SWIFT_VERSION = 5.0;
			};
			name = Debug;
		};
		C995EA4B2C6671FC00AB5C91 /* Release */ = {
			isa = XCBuildConfiguration;
			buildSettings = {
				ASSETCATALOG_COMPILER_APPICON_NAME = AppIcon;
				ASSETCATALOG_COMPILER_GLOBAL_ACCENT_COLOR_NAME = AccentColor;
				CODE_SIGN_ENTITLEMENTS = Stapler/Stapler.entitlements;
				CODE_SIGN_STYLE = Automatic;
				COMBINE_HIDPI_IMAGES = YES;
				CURRENT_PROJECT_VERSION = 240811;
				DEVELOPMENT_ASSET_PATHS = "\"Stapler/Preview Content\"";
				DEVELOPMENT_TEAM = Q3Z639YB49;
				ENABLE_HARDENED_RUNTIME = YES;
				ENABLE_PREVIEWS = YES;
				GENERATE_INFOPLIST_FILE = YES;
				INFOPLIST_FILE = Stapler/Info.plist;
				INFOPLIST_KEY_LSApplicationCategoryType = "public.app-category.productivity";
				INFOPLIST_KEY_NSDesktopFolderUsageDescription = "This app needs access to your Desktop folder to open and manage files.";
				INFOPLIST_KEY_NSDocumentsFolderUsageDescription = "This app needs access to your Documents folder to open and manage files.";
				INFOPLIST_KEY_NSDownloadsFolderUsageDescription = "This app needs access to your Downloads folder to open and manage files.";
				INFOPLIST_KEY_NSHumanReadableCopyright = "Copyright © 2024 Matt Sephton.\nAll rights reserved.";
				LD_RUNPATH_SEARCH_PATHS = (
					"$(inherited)",
					"@executable_path/../Frameworks",
				);
				MARKETING_VERSION = 1.1.0;
				PRODUCT_BUNDLE_IDENTIFIER = com.gingerbeardman.Stapler;
				PRODUCT_NAME = "$(TARGET_NAME)";
				SWIFT_EMIT_LOC_STRINGS = YES;
				SWIFT_VERSION = 5.0;
			};
			name = Release;
		};
/* End XCBuildConfiguration section */

/* Begin XCConfigurationList section */
		C995EA322C6671FA00AB5C91 /* Build configuration list for PBXProject "Stapler" */ = {
			isa = XCConfigurationList;
			buildConfigurations = (
				C995EA472C6671FC00AB5C91 /* Debug */,
				C995EA482C6671FC00AB5C91 /* Release */,
			);
			defaultConfigurationIsVisible = 0;
			defaultConfigurationName = Release;
		};
		C995EA492C6671FC00AB5C91 /* Build configuration list for PBXNativeTarget "Stapler" */ = {
			isa = XCConfigurationList;
			buildConfigurations = (
				C995EA4A2C6671FC00AB5C91 /* Debug */,
				C995EA4B2C6671FC00AB5C91 /* Release */,
			);
			defaultConfigurationIsVisible = 0;
			defaultConfigurationName = Release;
		};
/* End XCConfigurationList section */
	};
	rootObject = C995EA2F2C6671FA00AB5C91 /* Project object */;
}
